
Microsoft Visual Studio Solution File, Format Version 12.00
# Visual Studio Version 17
VisualStudioVersion = 17.4.33205.214
MinimumVisualStudioVersion = 10.0.40219.1
Project("{FAE04EC0-301F-11D3-BF4B-00C04F79EFBC}") = "MacroscopTest", "MacroscopTest\MacroscopTest.csproj", "{23E1986A-3014-4DBE-B081-E3A498F5F027}"
EndProject
Global
	GlobalSection(SolutionConfigurationPlatforms) = preSolution
		Debug|Any CPU = Debug|Any CPU
		Release|Any CPU = Release|Any CPU
	EndGlobalSection
	GlobalSection(ProjectConfigurationPlatforms) = postSolution
		{23E1986A-3014-4DBE-B081-E3A498F5F027}.Debug|Any CPU.ActiveCfg = Debug|Any CPU
		{23E1986A-3014-4DBE-B081-E3A498F5F027}.Debug|Any CPU.Build.0 = Debug|Any CPU
		{23E1986A-3014-4DBE-B081-E3A498F5F027}.Release|Any CPU.ActiveCfg = Release|Any CPU
		{23E1986A-3014-4DBE-B081-E3A498F5F027}.Release|Any CPU.Build.0 = Release|Any CPU
	EndGlobalSection
	GlobalSection(SolutionProperties) = preSolution
		HideSolutionNode = FALSE
	EndGlobalSection
	GlobalSection(ExtensibilityGlobals) = postSolution
		SolutionGuid = {395F32BA-4898-4C41-96B3-B188249FEA0F}
	EndGlobalSection
EndGlobal
